
Microsoft Visual Studio Solution File, Format Version 12.00
# Visual Studio Version 17
VisualStudioVersion = 17.6.33815.320
MinimumVisualStudioVersion = 10.0.40219.1
Project("{9A19103F-16F7-4668-BE54-9A1E7A4F7556}") = "TodoApi", "TodoApi.csproj", "{8923B0D1-0E50-4A2A-A6D0-CA65F47B481F}"
EndProject
Global
	GlobalSection(SolutionConfigurationPlatforms) = preSolution
		Debug|Any CPU = Debug|Any CPU
		Release|Any CPU = Release|Any CPU
	EndGlobalSection
	GlobalSection(ProjectConfigurationPlatforms) = postSolution
		{8923B0D1-0E50-4A2A-A6D0-CA65F47B481F}.Debug|Any CPU.ActiveCfg = Debug|Any CPU
		{8923B0D1-0E50-4A2A-A6D0-CA65F47B481F}.Debug|Any CPU.Build.0 = Debug|Any CPU
		{8923B0D1-0E50-4A2A-A6D0-CA65F47B481F}.Release|Any CPU.ActiveCfg = Release|Any CPU
		{8923B0D1-0E50-4A2A-A6D0-CA65F47B481F}.Release|Any CPU.Build.0 = Release|Any CPU
	EndGlobalSection
	GlobalSection(SolutionProperties) = preSolution
		HideSolutionNode = FALSE
	EndGlobalSection
	GlobalSection(ExtensibilityGlobals) = postSolution
		SolutionGuid = {B9989046-2ECE-4063-A0AF-5FBA3A25B6B1}
	EndGlobalSection
EndGlobal
